{
  "name": "mail-to-dep",
  "version": "1.0.0",
  "lockfileVersion": 1,
  "requires": true,
  "dependencies": {
    "core-util-is": {
      "version": "1.0.3",
      "resolved": "http://npm.idcvdian.com/core-util-is/download/core-util-is-1.0.3.tgz",
      "integrity": "sha1-pgQtNjTCsn6TKPg3uWX6yDgI24U="
    },
    "deepmerge": {
      "version": "4.2.2",
      "resolved": "http://npm.idcvdian.com/deepmerge/download/deepmerge-4.2.2.tgz",
      "integrity": "sha1-RNLqNnm49NT/ujPwPYZfwee/SVU="
    },
    "dom-serializer": {
      "version": "1.3.2",
      "resolved": "http://npm.idcvdian.com/dom-serializer/download/dom-serializer-1.3.2.tgz",
      "integrity": "sha1-YgZDfTLO767HFhgDIwx6ILwbTZE=",
      "requires": {
        "domelementtype": "^2.0.1",
        "domhandler": "^4.2.0",
        "entities": "^2.0.0"
      }
    },
    "domelementtype": {
      "version": "2.2.0",
      "resolved": "http://npm.idcvdian.com/domelementtype/download/domelementtype-2.2.0.tgz",
      "integrity": "sha1-mgtsJ4LtahxzI9QiZxg9+b2LHVc="
    },
    "domhandler": {
      "version": "4.2.2",
      "resolved": "http://npm.idcvdian.com/domhandler/download/domhandler-4.2.2.tgz",
      "integrity": "sha1-6CXXIdGahrjCAaNSZOImxnjudV8=",
      "requires": {
        "domelementtype": "^2.2.0"
      }
    },
    "domutils": {
      "version": "2.8.0",
      "resolved": "http://npm.idcvdian.com/domutils/download/domutils-2.8.0.tgz",
      "integrity": "sha1-RDfe9dtuLR9dbuhZvZXKfQIEgTU=",
      "requires": {
        "dom-serializer": "^1.0.1",
        "domelementtype": "^2.2.0",
        "domhandler": "^4.2.0"
      }
    },
    "duplexer": {
      "version": "0.1.2",
      "resolved": "http://npm.idcvdian.com/duplexer/download/duplexer-0.1.2.tgz",
      "integrity": "sha1-Or5DrvODX4rgd9E23c4PJ2sEAOY="
    },
    "encoding-japanese": {
      "version": "1.0.30",
      "resolved": "http://npm.idcvdian.com/encoding-japanese/download/encoding-japanese-1.0.30.tgz",
      "integrity": "sha1-U3xNYogXZ5JdYBrLTHn7FNuBcDo="
    },
    "entities": {
      "version": "2.2.0",
      "resolved": "http://npm.idcvdian.com/entities/download/entities-2.2.0.tgz",
      "integrity": "sha1-CY3JDruD2N/6CJ1VJWs1HTTE2lU="
    },
    "he": {
      "version": "1.2.0",
      "resolved": "http://npm.idcvdian.com/he/download/he-1.2.0.tgz",
      "integrity": "sha1-hK5l+n6vsWX922FWauFLrwVmTw8="
    },
    "html-to-text": {
      "version": "7.0.0",
      "resolved": "http://npm.idcvdian.com/html-to-text/download/html-to-text-7.0.0.tgz",
      "integrity": "sha1-l/8LzzQkHCgvePXBuqBd+kTZ08M=",
      "requires": {
        "deepmerge": "^4.2.2",
        "he": "^1.2.0",
        "htmlparser2": "^6.0.0",
        "minimist": "^1.2.5"
      }
    },
    "htmlparser2": {
      "version": "6.1.0",
      "resolved": "http://npm.idcvdian.com/htmlparser2/download/htmlparser2-6.1.0.tgz",
      "integrity": "sha1-xNditsM3GgXb5l6UrkOp+EX7j7c=",
      "requires": {
        "domelementtype": "^2.0.1",
        "domhandler": "^4.0.0",
        "domutils": "^2.5.2",
        "entities": "^2.0.0"
      }
    },
    "iconv-lite": {
      "version": "0.6.2",
      "resolved": "http://npm.idcvdian.com/iconv-lite/download/iconv-lite-0.6.2.tgz",
      "integrity": "sha1-zhPRh1sMOmdL1qBLf3awGxtt7QE=",
      "requires": {
        "safer-buffer": ">= 2.1.2 < 3.0.0"
      }
    },
    "inherits": {
      "version": "2.0.4",
      "resolved": "http://npm.idcvdian.com/inherits/download/inherits-2.0.4.tgz",
      "integrity": "sha1-D6LGT5MpF8NDOg3tVTY6rjdBa3w="
    },
    "isarray": {
      "version": "0.0.1",
      "resolved": "http://npm.idcvdian.com/isarray/download/isarray-0.0.1.tgz",
      "integrity": "sha1-ihis/Kmo9Bd+Cav8YDiTmwXR7t8="
    },
    "libbase64": {
      "version": "1.2.1",
      "resolved": "http://npm.idcvdian.com/libbase64/download/libbase64-1.2.1.tgz",
      "integrity": "sha1-+5O/TLbXMPKbkhVbZAjRvSF2qMg="
    },
    "libmime": {
      "version": "5.0.0",
      "resolved": "http://npm.idcvdian.com/libmime/download/libmime-5.0.0.tgz",
      "integrity": "sha1-R1nHbrIZmFxdQFezqTWZIhlNn/c=",
      "requires": {
        "encoding-japanese": "1.0.30",
        "iconv-lite": "0.6.2",
        "libbase64": "1.2.1",
        "libqp": "1.1.0"
      }
    },
    "libqp": {
      "version": "1.1.0",
      "resolved": "http://npm.idcvdian.com/libqp/download/libqp-1.1.0.tgz",
      "integrity": "sha1-9ebgatdLeU+1tbZpiL9yjvHe2+g="
    },
    "linkify-it": {
      "version": "3.0.2",
      "resolved": "http://npm.idcvdian.com/linkify-it/download/linkify-it-3.0.2.tgz",
      "integrity": "sha1-9V7ri8HTrnVASeEkqzu1bZd5f7g=",
      "requires": {
        "uc.micro": "^1.0.1"
      }
    },
    "mailparser": {
      "version": "3.1.0",
      "resolved": "http://npm.idcvdian.com/mailparser/download/mailparser-3.1.0.tgz",
      "integrity": "sha1-vZR7mTbwn2oNjmboUJyG19ERea8=",
      "requires": {
        "encoding-japanese": "1.0.30",
        "he": "1.2.0",
        "html-to-text": "7.0.0",
        "iconv-lite": "0.6.2",
        "libmime": "5.0.0",
        "linkify-it": "3.0.2",
        "mailsplit": "5.0.1",
        "nodemailer": "6.4.18",
        "tlds": "1.217.0"
      }
    },
    "mailsplit": {
      "version": "5.0.1",
      "resolved": "http://npm.idcvdian.com/mailsplit/download/mailsplit-5.0.1.tgz",
      "integrity": "sha1-BwvYg73cDGx/XG6kpUhHcp2V3G8=",
      "requires": {
        "libbase64": "1.2.1",
        "libmime": "5.0.0",
        "libqp": "1.1.0"
      }
    },
    "minimist": {
      "version": "1.2.5",
      "resolved": "http://npm.idcvdian.com/minimist/download/minimist-1.2.5.tgz",
      "integrity": "sha1-Z9ZgFLZqaoqqDAg8X9WN9OTpdgI="
    },
    "nodemailer": {
      "version": "6.4.18",
      "resolved": "http://npm.idcvdian.com/nodemailer/download/nodemailer-6.4.18.tgz",
      "integrity": "sha1-J4jIV5KET8F779oBkDFgkBf0uaE="
    },
    "readable-stream": {
      "version": "1.1.14",
      "resolved": "http://npm.idcvdian.com/readable-stream/download/readable-stream-1.1.14.tgz",
      "integrity": "sha1-fPTFTvZI44EwhMY23SB54WbAgdk=",
      "requires": {
        "core-util-is": "~1.0.0",
        "inherits": "~2.0.1",
        "isarray": "0.0.1",
        "string_decoder": "~0.10.x"
      }
    },
    "safer-buffer": {
      "version": "2.1.2",
      "resolved": "http://npm.idcvdian.com/safer-buffer/download/safer-buffer-2.1.2.tgz",
      "integrity": "sha1-RPoWGwGHuVSd2Eu5GAL5vYOFzWo="
    },
    "shallow-copy": {
      "version": "0.0.1",
      "resolved": "http://npm.idcvdian.com/shallow-copy/download/shallow-copy-0.0.1.tgz",
      "integrity": "sha1-QV9CcC1z2BAzApLMXuhurhoRoXA="
    },
    "smtp-protocol": {
      "version": "2.4.7",
      "resolved": "http://npm.idcvdian.com/smtp-protocol/download/smtp-protocol-2.4.7.tgz",
      "integrity": "sha1-mQAAXj138MgzirAd5islvTrf2oM=",
      "requires": {
        "shallow-copy": "~0.0.1",
        "stream-combiner": "~0.0.2",
        "through": "^2.3.4",
        "through2": "^1.0.0"
      }
    },
    "stream-combiner": {
      "version": "0.0.4",
      "resolved": "http://npm.idcvdian.com/stream-combiner/download/stream-combiner-0.0.4.tgz",
      "integrity": "sha1-TV5DPBhSYd3mI8o/RMWGvPXErRQ=",
      "requires": {
        "duplexer": "~0.1.1"
      }
    },
    "string_decoder": {
      "version": "0.10.31",
      "resolved": "http://npm.idcvdian.com/string_decoder/download/string_decoder-0.10.31.tgz",
      "integrity": "sha1-YuIDvEF2bGwoyfyEMB2rHFMQ+pQ="
    },
    "through": {
      "version": "2.3.8",
      "resolved": "http://npm.idcvdian.com/through/download/through-2.3.8.tgz",
      "integrity": "sha1-DdTJ/6q8NXlgsbckEV1+Doai4fU="
    },
    "through2": {
      "version": "1.1.1",
      "resolved": "http://npm.idcvdian.com/through2/download/through2-1.1.1.tgz",
      "integrity": "sha1-CEfLxESfNAVXTb3M2buEG4OsNUU=",
      "requires": {
        "readable-stream": ">=1.1.13-1 <1.2.0-0",
        "xtend": ">=4.0.0 <4.1.0-0"
      }
    },
    "tlds": {
      "version": "1.217.0",
      "resolved": "http://npm.idcvdian.com/tlds/download/tlds-1.217.0.tgz",
      "integrity": "sha1-GU3xgKte1BtDl0WZHUqEqTiHy30="
    },
    "uc.micro": {
      "version": "1.0.6",
      "resolved": "http://npm.idcvdian.com/uc.micro/download/uc.micro-1.0.6.tgz",
      "integrity": "sha1-nEEagCpAmpH8bPdAgbq6NLJEmaw="
    },
    "xtend": {
      "version": "4.0.2",
      "resolved": "http://npm.idcvdian.com/xtend/download/xtend-4.0.2.tgz",
      "integrity": "sha1-u3J3n1+kZRhrH0OPZ0+jR/2121Q="
    }
  }
}
